
Microsoft Visual Studio Solution File, Format Version 12.00
# Visual Studio Version 17
VisualStudioVersion = 17.12.35707.178
MinimumVisualStudioVersion = 10.0.40219.1
Project("{8BC9CEB8-8B4A-11D0-8D11-00A0C91BC942}") = "ExampleGame", "ExampleGame\ExampleGame.vcxproj", "{9D552FF3-E017-42D0-A90E-BBB59CA9CD96}"
EndProject
Project("{8BC9CEB8-8B4A-11D0-8D11-00A0C91BC942}") = "BGEngine", "BGEngine\BGEngine.vcxproj", "{7C42AAB7-C982-4C1F-8DAC-4C44AFCD6C75}"
EndProject
Global
	GlobalSection(SolutionConfigurationPlatforms) = preSolution
		Debug|x64 = Debug|x64
		Release|x64 = Release|x64
	EndGlobalSection
	GlobalSection(ProjectConfigurationPlatforms) = postSolution
		{7C42AAB7-C982-4C1F-8DAC-4C44AFCD6C75}.Debug|x64.ActiveCfg = Debug|x64
		{7C42AAB7-C982-4C1F-8DAC-4C44AFCD6C75}.Debug|x64.Build.0 = Debug|x64
		{7C42AAB7-C982-4C1F-8DAC-4C44AFCD6C75}.Release|x64.ActiveCfg = Release|x64
		{7C42AAB7-C982-4C1F-8DAC-4C44AFCD6C75}.Release|x64.Build.0 = Release|x64
		{9D552FF3-E017-42D0-A90E-BBB59CA9CD96}.Debug|x64.ActiveCfg = Debug|x64
		{9D552FF3-E017-42D0-A90E-BBB59CA9CD96}.Debug|x64.Build.0 = Debug|x64
		{9D552FF3-E017-42D0-A90E-BBB59CA9CD96}.Release|x64.ActiveCfg = Release|x64
		{9D552FF3-E017-42D0-A90E-BBB59CA9CD96}.Release|x64.Build.0 = Release|x64
	EndGlobalSection
	GlobalSection(SolutionProperties) = preSolution
		HideSolutionNode = FALSE
	EndGlobalSection
EndGlobal
