<?xml version="1.0" encoding="utf-8"?>
<Project ToolsVersion="4.0" xmlns="http://schemas.microsoft.com/developer/msbuild/2003">
  <ItemGroup>
    <Filter Include="BGEngine">
      <UniqueIdentifier>{A4C80767-9095-6272-B9AE-501AA5DA9700}</UniqueIdentifier>
    </Filter>
    <Filter Include="BGEngine\Core">
      <UniqueIdentifier>{7CF32BED-E8B3-A723-B1EE-F0A01D6EECFF}</UniqueIdentifier>
    </Filter>
    <Filter Include="BGEngine\Debug">
      <UniqueIdentifier>{1ABEB692-068C-AA98-EF1F-1BBFDB8C86FD}</UniqueIdentifier>
    </Filter>
    <Filter Include="BGEngine\Renderer">
      <UniqueIdentifier>{CA04998D-361B-9723-7F92-2245EBE767AB}</UniqueIdentifier>
    </Filter>
    <Filter Include="Platform">
      <UniqueIdentifier>{2AC788B4-1694-E3BF-3FAD-D1672BD9184E}</UniqueIdentifier>
    </Filter>
    <Filter Include="Platform\Desktop">
      <UniqueIdentifier>{F33B4F5B-DF34-6EAD-0867-5332F4BE4DB9}</UniqueIdentifier>
    </Filter>
    <Filter Include="Platform\OpenGL">
      <UniqueIdentifier>{1E7D2C1D-8A08-9AE1-9319-1DD6FF23F6E1}</UniqueIdentifier>
    </Filter>
  </ItemGroup>
  <ItemGroup>
    <ClInclude Include="src\BGEngine.h" />
    <ClInclude Include="src\BGEngine\Core\AppLayer.h">
      <Filter>BGEngine\Core</Filter>
    </ClInclude>
    <ClInclude Include="src\BGEngine\Core\AppLayerStack.h">
      <Filter>BGEngine\Core</Filter>
    </ClInclude>
    <ClInclude Include="src\BGEngine\Core\Application.h">
      <Filter>BGEngine\Core</Filter>
    </ClInclude>
    <ClInclude Include="src\BGEngine\Core\EngineCore.h">
      <Filter>BGEngine\Core</Filter>
    </ClInclude>
    <ClInclude Include="src\BGEngine\Core\EngineEntryPoint.h">
      <Filter>BGEngine\Core</Filter>
    </ClInclude>
    <ClInclude Include="src\BGEngine\Core\Input.h">
      <Filter>BGEngine\Core</Filter>
    </ClInclude>
    <ClInclude Include="src\BGEngine\Core\Keycode.h">
      <Filter>BGEngine\Core</Filter>
    </ClInclude>
    <ClInclude Include="src\BGEngine\Core\Window.h">
      <Filter>BGEngine\Core</Filter>
    </ClInclude>
    <ClInclude Include="src\BGEngine\Debug\Debug.h">
      <Filter>BGEngine\Debug</Filter>
    </ClInclude>
    <ClInclude Include="src\BGEngine\Renderer\Renderer.h">
      <Filter>BGEngine\Renderer</Filter>
    </ClInclude>
    <ClInclude Include="src\BGEngine\Renderer\Renderer2D.h">
      <Filter>BGEngine\Renderer</Filter>
    </ClInclude>
    <ClInclude Include="src\BGEngine\Renderer\RendererAPI.h">
      <Filter>BGEngine\Renderer</Filter>
    </ClInclude>
    <ClInclude Include="src\BGEngine\Renderer\Shader.h">
      <Filter>BGEngine\Renderer</Filter>
    </ClInclude>
    <ClInclude Include="src\BGEngine\Renderer\VertexArray.h">
      <Filter>BGEngine\Renderer</Filter>
    </ClInclude>
    <ClInclude Include="src\BGEngine\Renderer\VertexBuffer.h">
      <Filter>BGEngine\Renderer</Filter>
    </ClInclude>
    <ClInclude Include="src\BGPCH.h" />
    <ClInclude Include="src\Platform\Desktop\DesktopWindow.h">
      <Filter>Platform\Desktop</Filter>
    </ClInclude>
    <ClInclude Include="src\Platform\OpenGL\OpenGLRendererAPI.h">
      <Filter>Platform\OpenGL</Filter>
    </ClInclude>
  </ItemGroup>
  <ItemGroup>
    <ClCompile Include="src\BGEngine\Core\AppLayer.cpp">
      <Filter>BGEngine\Core</Filter>
    </ClCompile>
    <ClCompile Include="src\BGEngine\Core\AppLayerStack.cpp">
      <Filter>BGEngine\Core</Filter>
    </ClCompile>
    <ClCompile Include="src\BGEngine\Core\Application.cpp">
      <Filter>BGEngine\Core</Filter>
    </ClCompile>
    <ClCompile Include="src\BGEngine\Core\Window.cpp">
      <Filter>BGEngine\Core</Filter>
    </ClCompile>
    <ClCompile Include="src\BGEngine\Debug\Debug.cpp">
      <Filter>BGEngine\Debug</Filter>
    </ClCompile>
    <ClCompile Include="src\BGEngine\Renderer\Renderer.cpp">
      <Filter>BGEngine\Renderer</Filter>
    </ClCompile>
    <ClCompile Include="src\BGEngine\Renderer\Renderer2D.cpp">
      <Filter>BGEngine\Renderer</Filter>
    </ClCompile>
    <ClCompile Include="src\BGEngine\Renderer\RendererAPI.cpp">
      <Filter>BGEngine\Renderer</Filter>
    </ClCompile>
    <ClCompile Include="src\BGEngine\Renderer\Shader.cpp">
      <Filter>BGEngine\Renderer</Filter>
    </ClCompile>
    <ClCompile Include="src\BGEngine\Renderer\VertexArray.cpp">
      <Filter>BGEngine\Renderer</Filter>
    </ClCompile>
    <ClCompile Include="src\BGEngine\Renderer\VertexBuffer.cpp">
      <Filter>BGEngine\Renderer</Filter>
    </ClCompile>
    <ClCompile Include="src\BGPCH.cpp" />
    <ClCompile Include="src\Platform\Desktop\DesktopInput.cpp">
      <Filter>Platform\Desktop</Filter>
    </ClCompile>
    <ClCompile Include="src\Platform\Desktop\DesktopWindow.cpp">
      <Filter>Platform\Desktop</Filter>
    </ClCompile>
    <ClCompile Include="src\Platform\OpenGL\OpenGLRendererAPI.cpp">
      <Filter>Platform\OpenGL</Filter>
    </ClCompile>
  </ItemGroup>
</Project>